
Microsoft Visual Studio Solution File, Format Version 12.00
# Visual Studio 14
VisualStudioVersion = 14.0.25420.1
MinimumVisualStudioVersion = 10.0.40219.1
Project("{FAE04EC0-301F-11D3-BF4B-00C04F79EFBC}") = "ConsoleApplication1", "ConsoleApplication1.csproj", "{FB5EF52D-A69F-47BC-B048-B72B90E7AF4B}"
EndProject
Project("{FAE04EC0-301F-11D3-BF4B-00C04F79EFBC}") = "Example1", "..\Example1\Example1.csproj", "{DF8146D5-884D-430B-91DE-413F17869E92}"
EndProject
Project("{FAE04EC0-301F-11D3-BF4B-00C04F79EFBC}") = "Example2", "Example2\Example2.csproj", "{2D62918E-DFA1-484E-95FE-464EAA2E4B64}"
EndProject
Project("{FAE04EC0-301F-11D3-BF4B-00C04F79EFBC}") = "ExtensionMethods", "..\ExtensionMethods\ExtensionMethods.csproj", "{43F04187-C861-4676-8ED9-E6DA26B756EC}"
EndProject
Global
	GlobalSection(SolutionConfigurationPlatforms) = preSolution
		Debug|Any CPU = Debug|Any CPU
		Release|Any CPU = Release|Any CPU
	EndGlobalSection
	GlobalSection(ProjectConfigurationPlatforms) = postSolution
		{FB5EF52D-A69F-47BC-B048-B72B90E7AF4B}.Debug|Any CPU.ActiveCfg = Debug|Any CPU
		{FB5EF52D-A69F-47BC-B048-B72B90E7AF4B}.Debug|Any CPU.Build.0 = Debug|Any CPU
		{FB5EF52D-A69F-47BC-B048-B72B90E7AF4B}.Release|Any CPU.ActiveCfg = Release|Any CPU
		{FB5EF52D-A69F-47BC-B048-B72B90E7AF4B}.Release|Any CPU.Build.0 = Release|Any CPU
		{DF8146D5-884D-430B-91DE-413F17869E92}.Debug|Any CPU.ActiveCfg = Debug|Any CPU
		{DF8146D5-884D-430B-91DE-413F17869E92}.Debug|Any CPU.Build.0 = Debug|Any CPU
		{DF8146D5-884D-430B-91DE-413F17869E92}.Release|Any CPU.ActiveCfg = Release|Any CPU
		{DF8146D5-884D-430B-91DE-413F17869E92}.Release|Any CPU.Build.0 = Release|Any CPU
		{2D62918E-DFA1-484E-95FE-464EAA2E4B64}.Debug|Any CPU.ActiveCfg = Debug|Any CPU
		{2D62918E-DFA1-484E-95FE-464EAA2E4B64}.Debug|Any CPU.Build.0 = Debug|Any CPU
		{2D62918E-DFA1-484E-95FE-464EAA2E4B64}.Release|Any CPU.ActiveCfg = Release|Any CPU
		{2D62918E-DFA1-484E-95FE-464EAA2E4B64}.Release|Any CPU.Build.0 = Release|Any CPU
		{43F04187-C861-4676-8ED9-E6DA26B756EC}.Debug|Any CPU.ActiveCfg = Debug|Any CPU
		{43F04187-C861-4676-8ED9-E6DA26B756EC}.Debug|Any CPU.Build.0 = Debug|Any CPU
		{43F04187-C861-4676-8ED9-E6DA26B756EC}.Release|Any CPU.ActiveCfg = Release|Any CPU
		{43F04187-C861-4676-8ED9-E6DA26B756EC}.Release|Any CPU.Build.0 = Release|Any CPU
	EndGlobalSection
	GlobalSection(SolutionProperties) = preSolution
		HideSolutionNode = FALSE
	EndGlobalSection
EndGlobal
