
Microsoft Visual Studio Solution File, Format Version 12.00
# Visual Studio 14
VisualStudioVersion = 14.0.25420.1
MinimumVisualStudioVersion = 10.0.40219.1
Project("{FAE04EC0-301F-11D3-BF4B-00C04F79EFBC}") = "StudentSortSolution", "StudentSortSolution\StudentSortSolution.csproj", "{56A4E637-56BE-4612-9A1E-E068FE0964DA}"
EndProject
Project("{FAE04EC0-301F-11D3-BF4B-00C04F79EFBC}") = "PhoneBook1", "PhoneBook1\PhoneBook1.csproj", "{D687A9DD-FFE2-40F1-ACEA-820744597743}"
EndProject
Global
	GlobalSection(SolutionConfigurationPlatforms) = preSolution
		Debug|Any CPU = Debug|Any CPU
		Release|Any CPU = Release|Any CPU
	EndGlobalSection
	GlobalSection(ProjectConfigurationPlatforms) = postSolution
		{56A4E637-56BE-4612-9A1E-E068FE0964DA}.Debug|Any CPU.ActiveCfg = Debug|Any CPU
		{56A4E637-56BE-4612-9A1E-E068FE0964DA}.Debug|Any CPU.Build.0 = Debug|Any CPU
		{56A4E637-56BE-4612-9A1E-E068FE0964DA}.Release|Any CPU.ActiveCfg = Release|Any CPU
		{56A4E637-56BE-4612-9A1E-E068FE0964DA}.Release|Any CPU.Build.0 = Release|Any CPU
		{D687A9DD-FFE2-40F1-ACEA-820744597743}.Debug|Any CPU.ActiveCfg = Debug|Any CPU
		{D687A9DD-FFE2-40F1-ACEA-820744597743}.Debug|Any CPU.Build.0 = Debug|Any CPU
		{D687A9DD-FFE2-40F1-ACEA-820744597743}.Release|Any CPU.ActiveCfg = Release|Any CPU
		{D687A9DD-FFE2-40F1-ACEA-820744597743}.Release|Any CPU.Build.0 = Release|Any CPU
	EndGlobalSection
	GlobalSection(SolutionProperties) = preSolution
		HideSolutionNode = FALSE
	EndGlobalSection
EndGlobal
