
Microsoft Visual Studio Solution File, Format Version 12.00
# Visual Studio 14
VisualStudioVersion = 14.0.25420.1
MinimumVisualStudioVersion = 10.0.40219.1
Project("{2150E333-8FDC-42A3-9474-1A3956D46DE8}") = "src", "src", "{6679CEA7-6FDB-4B85-841A-615EFAAB2C01}"
EndProject
Project("{2150E333-8FDC-42A3-9474-1A3956D46DE8}") = "Solution Items", "Solution Items", "{EB53B882-DDB3-440C-B65F-FD64B376EB3C}"
	ProjectSection(SolutionItems) = preProject
		global.json = global.json
	EndProjectSection
EndProject
Project("{8BB2217D-0F2D-49D1-97BC-3654ED321F3B}") = "SportsStore", "src\SportsStore\SportsStore.xproj", "{14C06179-6F19-4CC9-9210-F1190B83BB29}"
EndProject
Project("{2150E333-8FDC-42A3-9474-1A3956D46DE8}") = "test", "test", "{15C2CF69-2FB0-44A3-9021-2EC3561F7822}"
EndProject
Project("{8BB2217D-0F2D-49D1-97BC-3654ED321F3B}") = "SportsStore.Tests", "test\SportsStore.Tests\SportsStore.Tests.xproj", "{1A2DB9F5-AB83-4A19-82C4-50107FAE772D}"
EndProject
Global
	GlobalSection(SolutionConfigurationPlatforms) = preSolution
		Debug|Any CPU = Debug|Any CPU
		Release|Any CPU = Release|Any CPU
	EndGlobalSection
	GlobalSection(ProjectConfigurationPlatforms) = postSolution
		{14C06179-6F19-4CC9-9210-F1190B83BB29}.Debug|Any CPU.ActiveCfg = Debug|Any CPU
		{14C06179-6F19-4CC9-9210-F1190B83BB29}.Debug|Any CPU.Build.0 = Debug|Any CPU
		{14C06179-6F19-4CC9-9210-F1190B83BB29}.Release|Any CPU.ActiveCfg = Release|Any CPU
		{14C06179-6F19-4CC9-9210-F1190B83BB29}.Release|Any CPU.Build.0 = Release|Any CPU
		{1A2DB9F5-AB83-4A19-82C4-50107FAE772D}.Debug|Any CPU.ActiveCfg = Debug|Any CPU
		{1A2DB9F5-AB83-4A19-82C4-50107FAE772D}.Debug|Any CPU.Build.0 = Debug|Any CPU
		{1A2DB9F5-AB83-4A19-82C4-50107FAE772D}.Release|Any CPU.ActiveCfg = Release|Any CPU
		{1A2DB9F5-AB83-4A19-82C4-50107FAE772D}.Release|Any CPU.Build.0 = Release|Any CPU
	EndGlobalSection
	GlobalSection(SolutionProperties) = preSolution
		HideSolutionNode = FALSE
	EndGlobalSection
	GlobalSection(NestedProjects) = preSolution
		{14C06179-6F19-4CC9-9210-F1190B83BB29} = {6679CEA7-6FDB-4B85-841A-615EFAAB2C01}
		{1A2DB9F5-AB83-4A19-82C4-50107FAE772D} = {15C2CF69-2FB0-44A3-9021-2EC3561F7822}
	EndGlobalSection
EndGlobal
