
Microsoft Visual Studio Solution File, Format Version 12.00
# Visual Studio 14
VisualStudioVersion = 14.0.25420.1
MinimumVisualStudioVersion = 10.0.40219.1
Project("{FAE04EC0-301F-11D3-BF4B-00C04F79EFBC}") = "HumanWorker", "HumanWorker\HumanWorker.csproj", "{4483B895-EB86-45E9-9503-7577C0E28112}"
EndProject
Global
	GlobalSection(SolutionConfigurationPlatforms) = preSolution
		Debug|Any CPU = Debug|Any CPU
		Release|Any CPU = Release|Any CPU
	EndGlobalSection
	GlobalSection(ProjectConfigurationPlatforms) = postSolution
		{4483B895-EB86-45E9-9503-7577C0E28112}.Debug|Any CPU.ActiveCfg = Debug|Any CPU
		{4483B895-EB86-45E9-9503-7577C0E28112}.Debug|Any CPU.Build.0 = Debug|Any CPU
		{4483B895-EB86-45E9-9503-7577C0E28112}.Release|Any CPU.ActiveCfg = Release|Any CPU
		{4483B895-EB86-45E9-9503-7577C0E28112}.Release|Any CPU.Build.0 = Release|Any CPU
	EndGlobalSection
	GlobalSection(SolutionProperties) = preSolution
		HideSolutionNode = FALSE
	EndGlobalSection
EndGlobal
